# This file is generated by running "yarn install" inside your project.
# Manual changes might be lost - proceed with caution!

__metadata:
  version: 6
  cacheKey: 8

"typescript@npm:^4.9.4":
  version: 4.9.4
  resolution: "typescript@npm:4.9.4"
  bin:
    tsc: bin/tsc
    tsserver: bin/tsserver
  checksum: e782fb9e0031cb258a80000f6c13530288c6d63f1177ed43f770533fdc15740d271554cdae86701c1dd2c83b082cea808b07e97fd68b38a172a83dbf9e0d0ef9
  languageName: node
  linkType: hard

"typescript@patch:typescript@^4.9.4#~builtin<compat/typescript>":
  version: 4.9.4
  resolution: "typescript@patch:typescript@npm%3A4.9.4#~builtin<compat/typescript>::version=4.9.4&hash=289587"
  bin:
    tsc: bin/tsc
    tsserver: bin/tsserver
  checksum: 2160f7ad975c59b2f5816817d3916be1d156c5688a7517602b3b640c5015e740f4ba933996ac85371d68f7bbdd41602150fb8b68334122ac637fdb5418085e7a
  languageName: node
  linkType: hard

"yupa-types@workspace:.":
  version: 0.0.0-use.local
  resolution: "yupa-types@workspace:."
  dependencies:
    typescript: ^4.9.4
    zod: ^3.20.2
  languageName: unknown
  linkType: soft

"zod@npm:^3.20.2":
  version: 3.20.2
  resolution: "zod@npm:3.20.2"
  checksum: 04172f7e9350372684ccd298d4716908edc9113751295b6c4e1b3ea84e2af8997e504b33ba36f4741417bb2a5dc90bfd40501f6b0e7389df10e42a63d6d8366c
  languageName: node
  linkType: hard
